<?xml version="1.0" encoding="utf-8"?>
<Project ToolsVersion="4.0" xmlns="http://schemas.microsoft.com/developer/msbuild/2003">
  <ItemGroup>
    <Filter Include="3DProj_Data">
      <UniqueIdentifier>{1453e3d8-f447-42d5-bd9e-06ce3a152277}</UniqueIdentifier>
    </Filter>
    <Filter Include="3DProj_Data\Application">
      <UniqueIdentifier>{20950845-b5d0-4dac-a67b-9523bd5312c4}</UniqueIdentifier>
    </Filter>
    <Filter Include="3DProj_Data\Framework">
      <UniqueIdentifier>{a6f2f508-56db-4263-a68c-64457ecccd56}</UniqueIdentifier>
    </Filter>
  </ItemGroup>
  <ItemGroup>
    <ClCompile Include="3DProj2_Data\3DProj2.cpp">
      <Filter>3DProj_Data</Filter>
    </ClCompile>
    <ClCompile Include="3DProj2_Data\Pch.cpp">
      <Filter>3DProj_Data</Filter>
    </ClCompile>
    <ClCompile Include="3DProj2_Data\Framework\Kd3DDevice.cpp">
      <Filter>3DProj_Data\Framework</Filter>
    </ClCompile>
    <ClCompile Include="3DProj2_Data\Framework\KdTexture.cpp">
      <Filter>3DProj_Data\Framework</Filter>
    </ClCompile>
    <ClCompile Include="3DProj2_Data\Application\Application.cpp">
      <Filter>3DProj_Data\Application</Filter>
    </ClCompile>
  </ItemGroup>
  <ItemGroup>
    <ClInclude Include="3DProj2_Data\3DProj2.h">
      <Filter>3DProj_Data</Filter>
    </ClInclude>
    <ClInclude Include="3DProj2_Data\Pch.h">
      <Filter>3DProj_Data</Filter>
    </ClInclude>
    <ClInclude Include="3DProj2_Data\Framework\Kd3DDevice.h">
      <Filter>3DProj_Data\Framework</Filter>
    </ClInclude>
    <ClInclude Include="3DProj2_Data\Framework\KdFramework.h">
      <Filter>3DProj_Data\Framework</Filter>
    </ClInclude>
    <ClInclude Include="3DProj2_Data\Framework\KdTexture.h">
      <Filter>3DProj_Data\Framework</Filter>
    </ClInclude>
    <ClInclude Include="3DProj2_Data\Application\Application.h">
      <Filter>3DProj_Data\Application</Filter>
    </ClInclude>
  </ItemGroup>
</Project>